
Microsoft Visual Studio Solution File, Format Version 12.00
# Visual Studio 14
VisualStudioVersion = 14.0.23107.0
MinimumVisualStudioVersion = 10.0.40219.1
Project("{FAE04EC0-301F-11D3-BF4B-00C04F79EFBC}") = "Homework 6 part 1", "Homework 6 part 1\Homework 6 part 1.csproj", "{AF56A553-52B3-4F70-8DAE-5D1120D187F2}"
EndProject
Project("{FAE04EC0-301F-11D3-BF4B-00C04F79EFBC}") = "Homework 6 part 2", "Homework 6 part 2\Homework 6 part 2.csproj", "{1FB36B36-14CF-4079-A9EA-5DECEC4C9C42}"
EndProject
Project("{FAE04EC0-301F-11D3-BF4B-00C04F79EFBC}") = "Homework 6 part 3", "Homework 6 part 3\Homework 6 part 3.csproj", "{A9B99B7E-C361-4AA6-A424-CEE46263CDAB}"
EndProject
Global
	GlobalSection(SolutionConfigurationPlatforms) = preSolution
		Debug|Any CPU = Debug|Any CPU
		Release|Any CPU = Release|Any CPU
	EndGlobalSection
	GlobalSection(ProjectConfigurationPlatforms) = postSolution
		{AF56A553-52B3-4F70-8DAE-5D1120D187F2}.Debug|Any CPU.ActiveCfg = Debug|Any CPU
		{AF56A553-52B3-4F70-8DAE-5D1120D187F2}.Debug|Any CPU.Build.0 = Debug|Any CPU
		{AF56A553-52B3-4F70-8DAE-5D1120D187F2}.Release|Any CPU.ActiveCfg = Release|Any CPU
		{AF56A553-52B3-4F70-8DAE-5D1120D187F2}.Release|Any CPU.Build.0 = Release|Any CPU
		{1FB36B36-14CF-4079-A9EA-5DECEC4C9C42}.Debug|Any CPU.ActiveCfg = Debug|Any CPU
		{1FB36B36-14CF-4079-A9EA-5DECEC4C9C42}.Debug|Any CPU.Build.0 = Debug|Any CPU
		{1FB36B36-14CF-4079-A9EA-5DECEC4C9C42}.Release|Any CPU.ActiveCfg = Release|Any CPU
		{1FB36B36-14CF-4079-A9EA-5DECEC4C9C42}.Release|Any CPU.Build.0 = Release|Any CPU
		{A9B99B7E-C361-4AA6-A424-CEE46263CDAB}.Debug|Any CPU.ActiveCfg = Debug|Any CPU
		{A9B99B7E-C361-4AA6-A424-CEE46263CDAB}.Debug|Any CPU.Build.0 = Debug|Any CPU
		{A9B99B7E-C361-4AA6-A424-CEE46263CDAB}.Release|Any CPU.ActiveCfg = Release|Any CPU
		{A9B99B7E-C361-4AA6-A424-CEE46263CDAB}.Release|Any CPU.Build.0 = Release|Any CPU
	EndGlobalSection
	GlobalSection(SolutionProperties) = preSolution
		HideSolutionNode = FALSE
	EndGlobalSection
EndGlobal
